
Microsoft Visual Studio Solution File, Format Version 12.00
# Visual Studio Version 17
VisualStudioVersion = 17.1.32414.318
MinimumVisualStudioVersion = 10.0.40219.1
Project("{FAE04EC0-301F-11D3-BF4B-00C04F79EFBC}") = "NWP App", "NWP App\NWP App.csproj", "{A5454887-9DAE-4F6D-BA3B-C054AD5B3F02}"
EndProject
Global
	GlobalSection(SolutionConfigurationPlatforms) = preSolution
		Debug|Any CPU = Debug|Any CPU
		Release|Any CPU = Release|Any CPU
	EndGlobalSection
	GlobalSection(ProjectConfigurationPlatforms) = postSolution
		{A5454887-9DAE-4F6D-BA3B-C054AD5B3F02}.Debug|Any CPU.ActiveCfg = Debug|Any CPU
		{A5454887-9DAE-4F6D-BA3B-C054AD5B3F02}.Debug|Any CPU.Build.0 = Debug|Any CPU
		{A5454887-9DAE-4F6D-BA3B-C054AD5B3F02}.Release|Any CPU.ActiveCfg = Release|Any CPU
		{A5454887-9DAE-4F6D-BA3B-C054AD5B3F02}.Release|Any CPU.Build.0 = Release|Any CPU
	EndGlobalSection
	GlobalSection(SolutionProperties) = preSolution
		HideSolutionNode = FALSE
	EndGlobalSection
	GlobalSection(ExtensibilityGlobals) = postSolution
		SolutionGuid = {B649AAF8-6996-481C-A505-1F864DBC191C}
	EndGlobalSection
EndGlobal
